
Microsoft Visual Studio Solution File, Format Version 11.00
# Visual Studio 2010
Project("{FAE04EC0-301F-11D3-BF4B-00C04F79EFBC}") = "Fprim", "Fprim\Fprim.csproj", "{4867AFA0-92B2-4E16-B5D0-8276D328BA76}"
EndProject
Project("{54435603-DBB4-11D2-8724-00A0C9A8B90C}") = "Fprim Setup", "Fprim Setup\Fprim Setup.vdproj", "{7D659DBE-CD26-45C2-9BA9-649B6F6AB552}"
EndProject
Global
	GlobalSection(SolutionConfigurationPlatforms) = preSolution
		Debug|x86 = Debug|x86
		Release|x86 = Release|x86
	EndGlobalSection
	GlobalSection(ProjectConfigurationPlatforms) = postSolution
		{4867AFA0-92B2-4E16-B5D0-8276D328BA76}.Debug|x86.ActiveCfg = Debug|x86
		{4867AFA0-92B2-4E16-B5D0-8276D328BA76}.Debug|x86.Build.0 = Debug|x86
		{4867AFA0-92B2-4E16-B5D0-8276D328BA76}.Release|x86.ActiveCfg = Release|x86
		{4867AFA0-92B2-4E16-B5D0-8276D328BA76}.Release|x86.Build.0 = Release|x86
		{7D659DBE-CD26-45C2-9BA9-649B6F6AB552}.Debug|x86.ActiveCfg = Debug
		{7D659DBE-CD26-45C2-9BA9-649B6F6AB552}.Release|x86.ActiveCfg = Release
		{7D659DBE-CD26-45C2-9BA9-649B6F6AB552}.Release|x86.Build.0 = Release
	EndGlobalSection
	GlobalSection(SolutionProperties) = preSolution
		HideSolutionNode = FALSE
	EndGlobalSection
EndGlobal
